// !$*UTF8*$!
{
	archiveVersion = 1;
	classes = {
	};
	objectVersion = 50;
	objects = {

/* Begin PBXBuildFile section */
		809EDA9A24FFB7DF000A71E3 /* AppDelegate.swift in Sources */ = {isa = PBXBuildFile; fileRef = 809EDA9924FFB7DF000A71E3 /* AppDelegate.swift */; };
		809EDA9C24FFB7DF000A71E3 /* SceneDelegate.swift in Sources */ = {isa = PBXBuildFile; fileRef = 809EDA9B24FFB7DF000A71E3 /* SceneDelegate.swift */; };
		809EDA9E24FFB7DF000A71E3 /* ContentView.swift in Sources */ = {isa = PBXBuildFile; fileRef = 809EDA9D24FFB7DF000A71E3 /* ContentView.swift */; };
		809EDAA024FFB7E0000A71E3 /* Assets.xcassets in Resources */ = {isa = PBXBuildFile; fileRef = 809EDA9F24FFB7E0000A71E3 /* Assets.xcassets */; };
		809EDAA324FFB7E0000A71E3 /* Preview Assets.xcassets in Resources */ = {isa = PBXBuildFile; fileRef = 809EDAA224FFB7E0000A71E3 /* Preview Assets.xcassets */; };
		809EDAA624FFB7E0000A71E3 /* LaunchScreen.storyboard in Resources */ = {isa = PBXBuildFile; fileRef = 809EDAA424FFB7E0000A71E3 /* LaunchScreen.storyboard */; };
		809EDAB124FFB7E0000A71E3 /* ModularizationTests.swift in Sources */ = {isa = PBXBuildFile; fileRef = 809EDAB024FFB7E0000A71E3 /* ModularizationTests.swift */; };
		809EDABC24FFB7E0000A71E3 /* ModularizationUITests.swift in Sources */ = {isa = PBXBuildFile; fileRef = 809EDABB24FFB7E0000A71E3 /* ModularizationUITests.swift */; };
/* End PBXBuildFile section */

/* Begin PBXContainerItemProxy section */
		809EDAAD24FFB7E0000A71E3 /* PBXContainerItemProxy */ = {
			isa = PBXContainerItemProxy;
			containerPortal = 809EDA8E24FFB7DF000A71E3 /* Project object */;
			proxyType = 1;
			remoteGlobalIDString = 809EDA9524FFB7DF000A71E3;
			remoteInfo = Modularization;
		};
		809EDAB824FFB7E0000A71E3 /* PBXContainerItemProxy */ = {
			isa = PBXContainerItemProxy;
			containerPortal = 809EDA8E24FFB7DF000A71E3 /* Project object */;
			proxyType = 1;
			remoteGlobalIDString = 809EDA9524FFB7DF000A71E3;
			remoteInfo = Modularization;
		};
/* End PBXContainerItemProxy section */

/* Begin PBXFileReference section */
		809EDA9624FFB7DF000A71E3 /* Modularization.app */ = {isa = PBXFileReference; explicitFileType = wrapper.application; includeInIndex = 0; path = Modularization.app; sourceTree = BUILT_PRODUCTS_DIR; };
		809EDA9924FFB7DF000A71E3 /* AppDelegate.swift */ = {isa = PBXFileReference; lastKnownFileType = sourcecode.swift; path = AppDelegate.swift; sourceTree = "<group>"; };
		809EDA9B24FFB7DF000A71E3 /* SceneDelegate.swift */ = {isa = PBXFileReference; lastKnownFileType = sourcecode.swift; path = SceneDelegate.swift; sourceTree = "<group>"; };
		809EDA9D24FFB7DF000A71E3 /* ContentView.swift */ = {isa = PBXFileReference; lastKnownFileType = sourcecode.swift; path = ContentView.swift; sourceTree = "<group>"; };
		809EDA9F24FFB7E0000A71E3 /* Assets.xcassets */ = {isa = PBXFileReference; lastKnownFileType = folder.assetcatalog; path = Assets.xcassets; sourceTree = "<group>"; };
		809EDAA224FFB7E0000A71E3 /* Preview Assets.xcassets */ = {isa = PBXFileReference; lastKnownFileType = folder.assetcatalog; path = "Preview Assets.xcassets"; sourceTree = "<group>"; };
		809EDAA524FFB7E0000A71E3 /* Base */ = {isa = PBXFileReference; lastKnownFileType = file.storyboard; name = Base; path = Base.lproj/LaunchScreen.storyboard; sourceTree = "<group>"; };
		809EDAA724FFB7E0000A71E3 /* Info.plist */ = {isa = PBXFileReference; lastKnownFileType = text.plist.xml; path = Info.plist; sourceTree = "<group>"; };
		809EDAAC24FFB7E0000A71E3 /* ModularizationTests.xctest */ = {isa = PBXFileReference; explicitFileType = wrapper.cfbundle; includeInIndex = 0; path = ModularizationTests.xctest; sourceTree = BUILT_PRODUCTS_DIR; };
		809EDAB024FFB7E0000A71E3 /* ModularizationTests.swift */ = {isa = PBXFileReference; lastKnownFileType = sourcecode.swift; path = ModularizationTests.swift; sourceTree = "<group>"; };
		809EDAB224FFB7E0000A71E3 /* Info.plist */ = {isa = PBXFileReference; lastKnownFileType = text.plist.xml; path = Info.plist; sourceTree = "<group>"; };
		809EDAB724FFB7E0000A71E3 /* ModularizationUITests.xctest */ = {isa = PBXFileReference; explicitFileType = wrapper.cfbundle; includeInIndex = 0; path = ModularizationUITests.xctest; sourceTree = BUILT_PRODUCTS_DIR; };
		809EDABB24FFB7E0000A71E3 /* ModularizationUITests.swift */ = {isa = PBXFileReference; lastKnownFileType = sourcecode.swift; path = ModularizationUITests.swift; sourceTree = "<group>"; };
		809EDABD24FFB7E0000A71E3 /* Info.plist */ = {isa = PBXFileReference; lastKnownFileType = text.plist.xml; path = Info.plist; sourceTree = "<group>"; };
/* End PBXFileReference section */

/* Begin PBXFrameworksBuildPhase section */
		809EDA9324FFB7DF000A71E3 /* Frameworks */ = {
			isa = PBXFrameworksBuildPhase;
			buildActionMask = 2147483647;
			files = (
			);
			runOnlyForDeploymentPostprocessing = 0;
		};
		809EDAA924FFB7E0000A71E3 /* Frameworks */ = {
			isa = PBXFrameworksBuildPhase;
			buildActionMask = 2147483647;
			files = (
			);
			runOnlyForDeploymentPostprocessing = 0;
		};
		809EDAB424FFB7E0000A71E3 /* Frameworks */ = {
			isa = PBXFrameworksBuildPhase;
			buildActionMask = 2147483647;
			files = (
			);
			runOnlyForDeploymentPostprocessing = 0;
		};
/* End PBXFrameworksBuildPhase section */

/* Begin PBXGroup section */
		809EDA8D24FFB7DF000A71E3 = {
			isa = PBXGroup;
			children = (
				809EDA9824FFB7DF000A71E3 /* Modularization */,
				809EDAAF24FFB7E0000A71E3 /* ModularizationTests */,
				809EDABA24FFB7E0000A71E3 /* ModularizationUITests */,
				809EDA9724FFB7DF000A71E3 /* Products */,
			);
			sourceTree = "<group>";
		};
		809EDA9724FFB7DF000A71E3 /* Products */ = {
			isa = PBXGroup;
			children = (
				809EDA9624FFB7DF000A71E3 /* Modularization.app */,
				809EDAAC24FFB7E0000A71E3 /* ModularizationTests.xctest */,
				809EDAB724FFB7E0000A71E3 /* ModularizationUITests.xctest */,
			);
			name = Products;
			sourceTree = "<group>";
		};
		809EDA9824FFB7DF000A71E3 /* Modularization */ = {
			isa = PBXGroup;
			children = (
				809EDA9924FFB7DF000A71E3 /* AppDelegate.swift */,
				809EDA9B24FFB7DF000A71E3 /* SceneDelegate.swift */,
				809EDA9D24FFB7DF000A71E3 /* ContentView.swift */,
				809EDA9F24FFB7E0000A71E3 /* Assets.xcassets */,
				809EDAA424FFB7E0000A71E3 /* LaunchScreen.storyboard */,
				809EDAA724FFB7E0000A71E3 /* Info.plist */,
				809EDAA124FFB7E0000A71E3 /* Preview Content */,
			);
			path = Modularization;
			sourceTree = "<group>";
		};
		809EDAA124FFB7E0000A71E3 /* Preview Content */ = {
			isa = PBXGroup;
			children = (
				809EDAA224FFB7E0000A71E3 /* Preview Assets.xcassets */,
			);
			path = "Preview Content";
			sourceTree = "<group>";
		};
		809EDAAF24FFB7E0000A71E3 /* ModularizationTests */ = {
			isa = PBXGroup;
			children = (
				809EDAB024FFB7E0000A71E3 /* ModularizationTests.swift */,
				809EDAB224FFB7E0000A71E3 /* Info.plist */,
			);
			path = ModularizationTests;
			sourceTree = "<group>";
		};
		809EDABA24FFB7E0000A71E3 /* ModularizationUITests */ = {
			isa = PBXGroup;
			children = (
				809EDABB24FFB7E0000A71E3 /* ModularizationUITests.swift */,
				809EDABD24FFB7E0000A71E3 /* Info.plist */,
			);
			path = ModularizationUITests;
			sourceTree = "<group>";
		};
/* End PBXGroup section */

/* Begin PBXNativeTarget section */
		809EDA9524FFB7DF000A71E3 /* Modularization */ = {
			isa = PBXNativeTarget;
			buildConfigurationList = 809EDAC024FFB7E0000A71E3 /* Build configuration list for PBXNativeTarget "Modularization" */;
			buildPhases = (
				809EDA9224FFB7DF000A71E3 /* Sources */,
				809EDA9324FFB7DF000A71E3 /* Frameworks */,
				809EDA9424FFB7DF000A71E3 /* Resources */,
			);
			buildRules = (
			);
			dependencies = (
			);
			name = Modularization;
			productName = Modularization;
			productReference = 809EDA9624FFB7DF000A71E3 /* Modularization.app */;
			productType = "com.apple.product-type.application";
		};
		809EDAAB24FFB7E0000A71E3 /* ModularizationTests */ = {
			isa = PBXNativeTarget;
			buildConfigurationList = 809EDAC324FFB7E0000A71E3 /* Build configuration list for PBXNativeTarget "ModularizationTests" */;
			buildPhases = (
				809EDAA824FFB7E0000A71E3 /* Sources */,
				809EDAA924FFB7E0000A71E3 /* Frameworks */,
				809EDAAA24FFB7E0000A71E3 /* Resources */,
			);
			buildRules = (
			);
			dependencies = (
				809EDAAE24FFB7E0000A71E3 /* PBXTargetDependency */,
			);
			name = ModularizationTests;
			productName = ModularizationTests;
			productReference = 809EDAAC24FFB7E0000A71E3 /* ModularizationTests.xctest */;
			productType = "com.apple.product-type.bundle.unit-test";
		};
		809EDAB624FFB7E0000A71E3 /* ModularizationUITests */ = {
			isa = PBXNativeTarget;
			buildConfigurationList = 809EDAC624FFB7E0000A71E3 /* Build configuration list for PBXNativeTarget "ModularizationUITests" */;
			buildPhases = (
				809EDAB324FFB7E0000A71E3 /* Sources */,
				809EDAB424FFB7E0000A71E3 /* Frameworks */,
				809EDAB524FFB7E0000A71E3 /* Resources */,
			);
			buildRules = (
			);
			dependencies = (
				809EDAB924FFB7E0000A71E3 /* PBXTargetDependency */,
			);
			name = ModularizationUITests;
			productName = ModularizationUITests;
			productReference = 809EDAB724FFB7E0000A71E3 /* ModularizationUITests.xctest */;
			productType = "com.apple.product-type.bundle.ui-testing";
		};
/* End PBXNativeTarget section */

/* Begin PBXProject section */
		809EDA8E24FFB7DF000A71E3 /* Project object */ = {
			isa = PBXProject;
			attributes = {
				LastSwiftUpdateCheck = 1160;
				LastUpgradeCheck = 1160;
				ORGANIZATIONNAME = Amarbank;
				TargetAttributes = {
					809EDA9524FFB7DF000A71E3 = {
						CreatedOnToolsVersion = 11.6;
					};
					809EDAAB24FFB7E0000A71E3 = {
						CreatedOnToolsVersion = 11.6;
						TestTargetID = 809EDA9524FFB7DF000A71E3;
					};
					809EDAB624FFB7E0000A71E3 = {
						CreatedOnToolsVersion = 11.6;
						TestTargetID = 809EDA9524FFB7DF000A71E3;
					};
				};
			};
			buildConfigurationList = 809EDA9124FFB7DF000A71E3 /* Build configuration list for PBXProject "Modularization" */;
			compatibilityVersion = "Xcode 9.3";
			developmentRegion = en;
			hasScannedForEncodings = 0;
			knownRegions = (
				en,
				Base,
			);
			mainGroup = 809EDA8D24FFB7DF000A71E3;
			productRefGroup = 809EDA9724FFB7DF000A71E3 /* Products */;
			projectDirPath = "";
			projectRoot = "";
			targets = (
				809EDA9524FFB7DF000A71E3 /* Modularization */,
				809EDAAB24FFB7E0000A71E3 /* ModularizationTests */,
				809EDAB624FFB7E0000A71E3 /* ModularizationUITests */,
			);
		};
/* End PBXProject section */

/* Begin PBXResourcesBuildPhase section */
		809EDA9424FFB7DF000A71E3 /* Resources */ = {
			isa = PBXResourcesBuildPhase;
			buildActionMask = 2147483647;
			files = (
				809EDAA624FFB7E0000A71E3 /* LaunchScreen.storyboard in Resources */,
				809EDAA324FFB7E0000A71E3 /* Preview Assets.xcassets in Resources */,
				809EDAA024FFB7E0000A71E3 /* Assets.xcassets in Resources */,
			);
			runOnlyForDeploymentPostprocessing = 0;
		};
		809EDAAA24FFB7E0000A71E3 /* Resources */ = {
			isa = PBXResourcesBuildPhase;
			buildActionMask = 2147483647;
			files = (
			);
			runOnlyForDeploymentPostprocessing = 0;
		};
		809EDAB524FFB7E0000A71E3 /* Resources */ = {
			isa = PBXResourcesBuildPhase;
			buildActionMask = 2147483647;
			files = (
			);
			runOnlyForDeploymentPostprocessing = 0;
		};
/* End PBXResourcesBuildPhase section */

/* Begin PBXSourcesBuildPhase section */
		809EDA9224FFB7DF000A71E3 /* Sources */ = {
			isa = PBXSourcesBuildPhase;
			buildActionMask = 2147483647;
			files = (
				809EDA9A24FFB7DF000A71E3 /* AppDelegate.swift in Sources */,
				809EDA9C24FFB7DF000A71E3 /* SceneDelegate.swift in Sources */,
				809EDA9E24FFB7DF000A71E3 /* ContentView.swift in Sources */,
			);
			runOnlyForDeploymentPostprocessing = 0;
		};
		809EDAA824FFB7E0000A71E3 /* Sources */ = {
			isa = PBXSourcesBuildPhase;
			buildActionMask = 2147483647;
			files = (
				809EDAB124FFB7E0000A71E3 /* ModularizationTests.swift in Sources */,
			);
			runOnlyForDeploymentPostprocessing = 0;
		};
		809EDAB324FFB7E0000A71E3 /* Sources */ = {
			isa = PBXSourcesBuildPhase;
			buildActionMask = 2147483647;
			files = (
				809EDABC24FFB7E0000A71E3 /* ModularizationUITests.swift in Sources */,
			);
			runOnlyForDeploymentPostprocessing = 0;
		};
/* End PBXSourcesBuildPhase section */

/* Begin PBXTargetDependency section */
		809EDAAE24FFB7E0000A71E3 /* PBXTargetDependency */ = {
			isa = PBXTargetDependency;
			target = 809EDA9524FFB7DF000A71E3 /* Modularization */;
			targetProxy = 809EDAAD24FFB7E0000A71E3 /* PBXContainerItemProxy */;
		};
		809EDAB924FFB7E0000A71E3 /* PBXTargetDependency */ = {
			isa = PBXTargetDependency;
			target = 809EDA9524FFB7DF000A71E3 /* Modularization */;
			targetProxy = 809EDAB824FFB7E0000A71E3 /* PBXContainerItemProxy */;
		};
/* End PBXTargetDependency section */

/* Begin PBXVariantGroup section */
		809EDAA424FFB7E0000A71E3 /* LaunchScreen.storyboard */ = {
			isa = PBXVariantGroup;
			children = (
				809EDAA524FFB7E0000A71E3 /* Base */,
			);
			name = LaunchScreen.storyboard;
			sourceTree = "<group>";
		};
/* End PBXVariantGroup section */

/* Begin XCBuildConfiguration section */
		809EDABE24FFB7E0000A71E3 /* Debug */ = {
			isa = XCBuildConfiguration;
			buildSettings = {
				ALWAYS_SEARCH_USER_PATHS = NO;
				CLANG_ANALYZER_NONNULL = YES;
				CLANG_ANALYZER_NUMBER_OBJECT_CONVERSION = YES_AGGRESSIVE;
				CLANG_CXX_LANGUAGE_STANDARD = "gnu++14";
				CLANG_CXX_LIBRARY = "libc++";
				CLANG_ENABLE_MODULES = YES;
				CLANG_ENABLE_OBJC_ARC = YES;
				CLANG_ENABLE_OBJC_WEAK = YES;
				CLANG_WARN_BLOCK_CAPTURE_AUTORELEASING = YES;
				CLANG_WARN_BOOL_CONVERSION = YES;
				CLANG_WARN_COMMA = YES;
				CLANG_WARN_CONSTANT_CONVERSION = YES;
				CLANG_WARN_DEPRECATED_OBJC_IMPLEMENTATIONS = YES;
				CLANG_WARN_DIRECT_OBJC_ISA_USAGE = YES_ERROR;
				CLANG_WARN_DOCUMENTATION_COMMENTS = YES;
				CLANG_WARN_EMPTY_BODY = YES;
				CLANG_WARN_ENUM_CONVERSION = YES;
				CLANG_WARN_INFINITE_RECURSION = YES;
				CLANG_WARN_INT_CONVERSION = YES;
				CLANG_WARN_NON_LITERAL_NULL_CONVERSION = YES;
				CLANG_WARN_OBJC_IMPLICIT_RETAIN_SELF = YES;
				CLANG_WARN_OBJC_LITERAL_CONVERSION = YES;
				CLANG_WARN_OBJC_ROOT_CLASS = YES_ERROR;
				CLANG_WARN_RANGE_LOOP_ANALYSIS = YES;
				CLANG_WARN_STRICT_PROTOTYPES = YES;
				CLANG_WARN_SUSPICIOUS_MOVE = YES;
				CLANG_WARN_UNGUARDED_AVAILABILITY = YES_AGGRESSIVE;
				CLANG_WARN_UNREACHABLE_CODE = YES;
				CLANG_WARN__DUPLICATE_METHOD_MATCH = YES;
				COPY_PHASE_STRIP = NO;
				DEBUG_INFORMATION_FORMAT = dwarf;
				ENABLE_STRICT_OBJC_MSGSEND = YES;
				ENABLE_TESTABILITY = YES;
				GCC_C_LANGUAGE_STANDARD = gnu11;
				GCC_DYNAMIC_NO_PIC = NO;
				GCC_NO_COMMON_BLOCKS = YES;
				GCC_OPTIMIZATION_LEVEL = 0;
				GCC_PREPROCESSOR_DEFINITIONS = (
					"DEBUG=1",
					"$(inherited)",
				);
				GCC_WARN_64_TO_32_BIT_CONVERSION = YES;
				GCC_WARN_ABOUT_RETURN_TYPE = YES_ERROR;
				GCC_WARN_UNDECLARED_SELECTOR = YES;
				GCC_WARN_UNINITIALIZED_AUTOS = YES_AGGRESSIVE;
				GCC_WARN_UNUSED_FUNCTION = YES;
				GCC_WARN_UNUSED_VARIABLE = YES;
				IPHONEOS_DEPLOYMENT_TARGET = 13.6;
				MTL_ENABLE_DEBUG_INFO = INCLUDE_SOURCE;
				MTL_FAST_MATH = YES;
				ONLY_ACTIVE_ARCH = YES;
				SDKROOT = iphoneos;
				SWIFT_ACTIVE_COMPILATION_CONDITIONS = DEBUG;
				SWIFT_OPTIMIZATION_LEVEL = "-Onone";
			};
			name = Debug;
		};
		809EDABF24FFB7E0000A71E3 /* Release */ = {
			isa = XCBuildConfiguration;
			buildSettings = {
				ALWAYS_SEARCH_USER_PATHS = NO;
				CLANG_ANALYZER_NONNULL = YES;
				CLANG_ANALYZER_NUMBER_OBJECT_CONVERSION = YES_AGGRESSIVE;
				CLANG_CXX_LANGUAGE_STANDARD = "gnu++14";
				CLANG_CXX_LIBRARY = "libc++";
				CLANG_ENABLE_MODULES = YES;
				CLANG_ENABLE_OBJC_ARC = YES;
				CLANG_ENABLE_OBJC_WEAK = YES;
				CLANG_WARN_BLOCK_CAPTURE_AUTORELEASING = YES;
				CLANG_WARN_BOOL_CONVERSION = YES;
				CLANG_WARN_COMMA = YES;
				CLANG_WARN_CONSTANT_CONVERSION = YES;
				CLANG_WARN_DEPRECATED_OBJC_IMPLEMENTATIONS = YES;
				CLANG_WARN_DIRECT_OBJC_ISA_USAGE = YES_ERROR;
				CLANG_WARN_DOCUMENTATION_COMMENTS = YES;
				CLANG_WARN_EMPTY_BODY = YES;
				CLANG_WARN_ENUM_CONVERSION = YES;
				CLANG_WARN_INFINITE_RECURSION = YES;
				CLANG_WARN_INT_CONVERSION = YES;
				CLANG_WARN_NON_LITERAL_NULL_CONVERSION = YES;
				CLANG_WARN_OBJC_IMPLICIT_RETAIN_SELF = YES;
				CLANG_WARN_OBJC_LITERAL_CONVERSION = YES;
				CLANG_WARN_OBJC_ROOT_CLASS = YES_ERROR;
				CLANG_WARN_RANGE_LOOP_ANALYSIS = YES;
				CLANG_WARN_STRICT_PROTOTYPES = YES;
				CLANG_WARN_SUSPICIOUS_MOVE = YES;
				CLANG_WARN_UNGUARDED_AVAILABILITY = YES_AGGRESSIVE;
				CLANG_WARN_UNREACHABLE_CODE = YES;
				CLANG_WARN__DUPLICATE_METHOD_MATCH = YES;
				COPY_PHASE_STRIP = NO;
				DEBUG_INFORMATION_FORMAT = "dwarf-with-dsym";
				ENABLE_NS_ASSERTIONS = NO;
				ENABLE_STRICT_OBJC_MSGSEND = YES;
				GCC_C_LANGUAGE_STANDARD = gnu11;
				GCC_NO_COMMON_BLOCKS = YES;
				GCC_WARN_64_TO_32_BIT_CONVERSION = YES;
				GCC_WARN_ABOUT_RETURN_TYPE = YES_ERROR;
				GCC_WARN_UNDECLARED_SELECTOR = YES;
				GCC_WARN_UNINITIALIZED_AUTOS = YES_AGGRESSIVE;
				GCC_WARN_UNUSED_FUNCTION = YES;
				GCC_WARN_UNUSED_VARIABLE = YES;
				IPHONEOS_DEPLOYMENT_TARGET = 13.6;
				MTL_ENABLE_DEBUG_INFO = NO;
				MTL_FAST_MATH = YES;
				SDKROOT = iphoneos;
				SWIFT_COMPILATION_MODE = wholemodule;
				SWIFT_OPTIMIZATION_LEVEL = "-O";
				VALIDATE_PRODUCT = YES;
			};
			name = Release;
		};
		809EDAC124FFB7E0000A71E3 /* Debug */ = {
			isa = XCBuildConfiguration;
			buildSettings = {
				ASSETCATALOG_COMPILER_APPICON_NAME = AppIcon;
				CODE_SIGN_STYLE = Automatic;
				DEVELOPMENT_ASSET_PATHS = "\"Modularization/Preview Content\"";
				DEVELOPMENT_TEAM = JG4RUCG94G;
				ENABLE_PREVIEWS = YES;
				INFOPLIST_FILE = Modularization/Info.plist;
				LD_RUNPATH_SEARCH_PATHS = (
					"$(inherited)",
					"@executable_path/Frameworks",
				);
				PRODUCT_BUNDLE_IDENTIFIER = com.amarbank.Modularization;
				PRODUCT_NAME = "$(TARGET_NAME)";
				SWIFT_VERSION = 5.0;
				TARGETED_DEVICE_FAMILY = "1,2";
			};
			name = Debug;
		};
		809EDAC224FFB7E0000A71E3 /* Release */ = {
			isa = XCBuildConfiguration;
			buildSettings = {
				ASSETCATALOG_COMPILER_APPICON_NAME = AppIcon;
				CODE_SIGN_STYLE = Automatic;
				DEVELOPMENT_ASSET_PATHS = "\"Modularization/Preview Content\"";
				DEVELOPMENT_TEAM = JG4RUCG94G;
				ENABLE_PREVIEWS = YES;
				INFOPLIST_FILE = Modularization/Info.plist;
				LD_RUNPATH_SEARCH_PATHS = (
					"$(inherited)",
					"@executable_path/Frameworks",
				);
				PRODUCT_BUNDLE_IDENTIFIER = com.amarbank.Modularization;
				PRODUCT_NAME = "$(TARGET_NAME)";
				SWIFT_VERSION = 5.0;
				TARGETED_DEVICE_FAMILY = "1,2";
			};
			name = Release;
		};
		809EDAC424FFB7E0000A71E3 /* Debug */ = {
			isa = XCBuildConfiguration;
			buildSettings = {
				ALWAYS_EMBED_SWIFT_STANDARD_LIBRARIES = YES;
				BUNDLE_LOADER = "$(TEST_HOST)";
				CODE_SIGN_STYLE = Automatic;
				DEVELOPMENT_TEAM = JG4RUCG94G;
				INFOPLIST_FILE = ModularizationTests/Info.plist;
				IPHONEOS_DEPLOYMENT_TARGET = 13.6;
				LD_RUNPATH_SEARCH_PATHS = (
					"$(inherited)",
					"@executable_path/Frameworks",
					"@loader_path/Frameworks",
				);
				PRODUCT_BUNDLE_IDENTIFIER = com.amarbank.ModularizationTests;
				PRODUCT_NAME = "$(TARGET_NAME)";
				SWIFT_VERSION = 5.0;
				TARGETED_DEVICE_FAMILY = "1,2";
				TEST_HOST = "$(BUILT_PRODUCTS_DIR)/Modularization.app/Modularization";
			};
			name = Debug;
		};
		809EDAC524FFB7E0000A71E3 /* Release */ = {
			isa = XCBuildConfiguration;
			buildSettings = {
				ALWAYS_EMBED_SWIFT_STANDARD_LIBRARIES = YES;
				BUNDLE_LOADER = "$(TEST_HOST)";
				CODE_SIGN_STYLE = Automatic;
				DEVELOPMENT_TEAM = JG4RUCG94G;
				INFOPLIST_FILE = ModularizationTests/Info.plist;
				IPHONEOS_DEPLOYMENT_TARGET = 13.6;
				LD_RUNPATH_SEARCH_PATHS = (
					"$(inherited)",
					"@executable_path/Frameworks",
					"@loader_path/Frameworks",
				);
				PRODUCT_BUNDLE_IDENTIFIER = com.amarbank.ModularizationTests;
				PRODUCT_NAME = "$(TARGET_NAME)";
				SWIFT_VERSION = 5.0;
				TARGETED_DEVICE_FAMILY = "1,2";
				TEST_HOST = "$(BUILT_PRODUCTS_DIR)/Modularization.app/Modularization";
			};
			name = Release;
		};
		809EDAC724FFB7E0000A71E3 /* Debug */ = {
			isa = XCBuildConfiguration;
			buildSettings = {
				ALWAYS_EMBED_SWIFT_STANDARD_LIBRARIES = YES;
				CODE_SIGN_STYLE = Automatic;
				DEVELOPMENT_TEAM = JG4RUCG94G;
				INFOPLIST_FILE = ModularizationUITests/Info.plist;
				LD_RUNPATH_SEARCH_PATHS = (
					"$(inherited)",
					"@executable_path/Frameworks",
					"@loader_path/Frameworks",
				);
				PRODUCT_BUNDLE_IDENTIFIER = com.amarbank.ModularizationUITests;
				PRODUCT_NAME = "$(TARGET_NAME)";
				SWIFT_VERSION = 5.0;
				TARGETED_DEVICE_FAMILY = "1,2";
				TEST_TARGET_NAME = Modularization;
			};
			name = Debug;
		};
		809EDAC824FFB7E0000A71E3 /* Release */ = {
			isa = XCBuildConfiguration;
			buildSettings = {
				ALWAYS_EMBED_SWIFT_STANDARD_LIBRARIES = YES;
				CODE_SIGN_STYLE = Automatic;
				DEVELOPMENT_TEAM = JG4RUCG94G;
				INFOPLIST_FILE = ModularizationUITests/Info.plist;
				LD_RUNPATH_SEARCH_PATHS = (
					"$(inherited)",
					"@executable_path/Frameworks",
					"@loader_path/Frameworks",
				);
				PRODUCT_BUNDLE_IDENTIFIER = com.amarbank.ModularizationUITests;
				PRODUCT_NAME = "$(TARGET_NAME)";
				SWIFT_VERSION = 5.0;
				TARGETED_DEVICE_FAMILY = "1,2";
				TEST_TARGET_NAME = Modularization;
			};
			name = Release;
		};
/* End XCBuildConfiguration section */

/* Begin XCConfigurationList section */
		809EDA9124FFB7DF000A71E3 /* Build configuration list for PBXProject "Modularization" */ = {
			isa = XCConfigurationList;
			buildConfigurations = (
				809EDABE24FFB7E0000A71E3 /* Debug */,
				809EDABF24FFB7E0000A71E3 /* Release */,
			);
			defaultConfigurationIsVisible = 0;
			defaultConfigurationName = Release;
		};
		809EDAC024FFB7E0000A71E3 /* Build configuration list for PBXNativeTarget "Modularization" */ = {
			isa = XCConfigurationList;
			buildConfigurations = (
				809EDAC124FFB7E0000A71E3 /* Debug */,
				809EDAC224FFB7E0000A71E3 /* Release */,
			);
			defaultConfigurationIsVisible = 0;
			defaultConfigurationName = Release;
		};
		809EDAC324FFB7E0000A71E3 /* Build configuration list for PBXNativeTarget "ModularizationTests" */ = {
			isa = XCConfigurationList;
			buildConfigurations = (
				809EDAC424FFB7E0000A71E3 /* Debug */,
				809EDAC524FFB7E0000A71E3 /* Release */,
			);
			defaultConfigurationIsVisible = 0;
			defaultConfigurationName = Release;
		};
		809EDAC624FFB7E0000A71E3 /* Build configuration list for PBXNativeTarget "ModularizationUITests" */ = {
			isa = XCConfigurationList;
			buildConfigurations = (
				809EDAC724FFB7E0000A71E3 /* Debug */,
				809EDAC824FFB7E0000A71E3 /* Release */,
			);
			defaultConfigurationIsVisible = 0;
			defaultConfigurationName = Release;
		};
/* End XCConfigurationList section */
	};
	rootObject = 809EDA8E24FFB7DF000A71E3 /* Project object */;
}
